// !$*UTF8*$!
{
	archiveVersion = 1;
	classes = {
	};
	objectVersion = 55;
	objects = {

/* Begin PBXBuildFile section */
		551D319D2812466F00AD9568 /* example_RoG.cpp in Sources */ = {isa = PBXBuildFile; fileRef = 551D319B2812466F00AD9568 /* example_RoG.cpp */; };
		551D31A12816246A00AD9568 /* wls_filter.cpp in Sources */ = {isa = PBXBuildFile; fileRef = 551D319F2816246A00AD9568 /* wls_filter.cpp */; };
		554357B02787CD090018709A /* main.cpp in Sources */ = {isa = PBXBuildFile; fileRef = 554357AF2787CD090018709A /* main.cpp */; };
		558F71F22888CEFE003BEF55 /* image_to_tensor_calculator.cpp in Sources */ = {isa = PBXBuildFile; fileRef = 558F71F02888CEFE003BEF55 /* image_to_tensor_calculator.cpp */; };
		558F71F72888DCC6003BEF55 /* ssd_anchors_calculator.proto in Sources */ = {isa = PBXBuildFile; fileRef = 558F71F42888DCC6003BEF55 /* ssd_anchors_calculator.proto */; };
		558F71F82888DCC6003BEF55 /* ssd_anchors_calculator.cc in Sources */ = {isa = PBXBuildFile; fileRef = 558F71F52888DCC6003BEF55 /* ssd_anchors_calculator.cc */; };
		558F71FC2888DCF3003BEF55 /* tflite_tensors_to_detections_calculator.proto in Sources */ = {isa = PBXBuildFile; fileRef = 558F71FA2888DCF3003BEF55 /* tflite_tensors_to_detections_calculator.proto */; };
		558F71FD2888DCF3003BEF55 /* tflite_tensors_to_detections_calculator.cc in Sources */ = {isa = PBXBuildFile; fileRef = 558F71FB2888DCF3003BEF55 /* tflite_tensors_to_detections_calculator.cc */; };
		558F72002888DD2E003BEF55 /* transpose_conv_bias.cc in Sources */ = {isa = PBXBuildFile; fileRef = 558F71FF2888DD2E003BEF55 /* transpose_conv_bias.cc */; };
		558F72042888EAFC003BEF55 /* image_to_tensor_utils.cc in Sources */ = {isa = PBXBuildFile; fileRef = 558F72032888EAFC003BEF55 /* image_to_tensor_utils.cc */; };
		558F72072888ED39003BEF55 /* ret_check.cc in Sources */ = {isa = PBXBuildFile; fileRef = 558F72062888ED39003BEF55 /* ret_check.cc */; };
		558F72112888EE23003BEF55 /* image.cc in Sources */ = {isa = PBXBuildFile; fileRef = 558F720F2888EE23003BEF55 /* image.cc */; };
		558F72122888EE23003BEF55 /* image_frame.cc in Sources */ = {isa = PBXBuildFile; fileRef = 558F72102888EE23003BEF55 /* image_frame.cc */; };
		558F72152888EE4E003BEF55 /* tensor.cc in Sources */ = {isa = PBXBuildFile; fileRef = 558F72142888EE4D003BEF55 /* tensor.cc */; };
		558F722028890411003BEF55 /* status_builder.cc in Sources */ = {isa = PBXBuildFile; fileRef = 558F721E28890410003BEF55 /* status_builder.cc */; };
		558F72242889069F003BEF55 /* calculator_contract.cc in Sources */ = {isa = PBXBuildFile; fileRef = 558F72232889069F003BEF55 /* calculator_contract.cc */; };
		558F722B28890881003BEF55 /* tensor.cc in Sources */ = {isa = PBXBuildFile; fileRef = 558F722928890881003BEF55 /* tensor.cc */; };
		558F724128892094003BEF55 /* Image.cpp in Sources */ = {isa = PBXBuildFile; fileRef = 558F723D28892093003BEF55 /* Image.cpp */; };
		558F724228892094003BEF55 /* LensParameter.cpp in Sources */ = {isa = PBXBuildFile; fileRef = 558F723E28892094003BEF55 /* LensParameter.cpp */; };
		558F7245288920F3003BEF55 /* calculator_base.cc in Sources */ = {isa = PBXBuildFile; fileRef = 558F7243288920F3003BEF55 /* calculator_base.cc */; };
		558F724828892128003BEF55 /* registration.cc in Sources */ = {isa = PBXBuildFile; fileRef = 558F724628892128003BEF55 /* registration.cc */; };
		558F724B28892144003BEF55 /* timestamp.cc in Sources */ = {isa = PBXBuildFile; fileRef = 558F724A28892143003BEF55 /* timestamp.cc */; };
		558F724F28892186003BEF55 /* tag_map.cc in Sources */ = {isa = PBXBuildFile; fileRef = 558F724D28892186003BEF55 /* tag_map.cc */; };
		558F7252288921A1003BEF55 /* validate_name.cc in Sources */ = {isa = PBXBuildFile; fileRef = 558F7250288921A0003BEF55 /* validate_name.cc */; };
		558F725428892222003BEF55 /* main.cpp in Sources */ = {isa = PBXBuildFile; fileRef = 558F725328892222003BEF55 /* main.cpp */; };
		55B94F9E2824F23500021244 /* pitch_btw_imgs.cpp in Sources */ = {isa = PBXBuildFile; fileRef = 55B94F9C2824F23500021244 /* pitch_btw_imgs.cpp */; };
		55B94FA12824F2BD00021244 /* dataset.cpp in Sources */ = {isa = PBXBuildFile; fileRef = 55B94F9F2824F2BD00021244 /* dataset.cpp */; };
		55BA5A46282BA09B003304A9 /* exif.cpp in Sources */ = {isa = PBXBuildFile; fileRef = 55BA5A44282BA09B003304A9 /* exif.cpp */; };
		55BA5A49282BA0F1003304A9 /* demo_exif.cpp in Sources */ = {isa = PBXBuildFile; fileRef = 55BA5A47282BA0F1003304A9 /* demo_exif.cpp */; };
		55C7CA03281A182E00A87DBB /* vanishing_point.cpp in Sources */ = {isa = PBXBuildFile; fileRef = 55C7CA01281A182E00A87DBB /* vanishing_point.cpp */; };
		55C7CA08281A26FA00A87DBB /* VPDetection.cpp in Sources */ = {isa = PBXBuildFile; fileRef = 55C7CA06281A26FA00A87DBB /* VPDetection.cpp */; };
		55C7CA0B281A270A00A87DBB /* lsd.cpp in Sources */ = {isa = PBXBuildFile; fileRef = 55C7CA09281A270A00A87DBB /* lsd.cpp */; };
		55C7CA0E281A272700A87DBB /* line_detect.cpp in Sources */ = {isa = PBXBuildFile; fileRef = 55C7CA0C281A272700A87DBB /* line_detect.cpp */; };
		55D8AA8D2830B2410016DB81 /* dense_opt_flow.cpp in Sources */ = {isa = PBXBuildFile; fileRef = 55D8AA8B2830B2410016DB81 /* dense_opt_flow.cpp */; };
		55D8AA902831C2760016DB81 /* sparse_opt_flow.cpp in Sources */ = {isa = PBXBuildFile; fileRef = 55D8AA8E2831C2760016DB81 /* sparse_opt_flow.cpp */; };
/* End PBXBuildFile section */

/* Begin PBXCopyFilesBuildPhase section */
		554357AA2787CD090018709A /* CopyFiles */ = {
			isa = PBXCopyFilesBuildPhase;
			buildActionMask = 2147483647;
			dstPath = /usr/share/man/man1/;
			dstSubfolderSpec = 0;
			files = (
			);
			runOnlyForDeploymentPostprocessing = 1;
		};
/* End PBXCopyFilesBuildPhase section */

/* Begin PBXFileReference section */
		551D319B2812466F00AD9568 /* example_RoG.cpp */ = {isa = PBXFileReference; lastKnownFileType = sourcecode.cpp.cpp; path = example_RoG.cpp; sourceTree = "<group>"; };
		551D319C2812466F00AD9568 /* example_RoG.hpp */ = {isa = PBXFileReference; lastKnownFileType = sourcecode.cpp.h; path = example_RoG.hpp; sourceTree = "<group>"; };
		551D319F2816246A00AD9568 /* wls_filter.cpp */ = {isa = PBXFileReference; lastKnownFileType = sourcecode.cpp.cpp; path = wls_filter.cpp; sourceTree = "<group>"; };
		551D31A02816246A00AD9568 /* wls_filter.hpp */ = {isa = PBXFileReference; lastKnownFileType = sourcecode.cpp.h; path = wls_filter.hpp; sourceTree = "<group>"; };
		554357AC2787CD090018709A /* CppPractive */ = {isa = PBXFileReference; explicitFileType = "compiled.mach-o.executable"; includeInIndex = 0; path = CppPractive; sourceTree = BUILT_PRODUCTS_DIR; };
		554357AF2787CD090018709A /* main.cpp */ = {isa = PBXFileReference; lastKnownFileType = sourcecode.cpp.cpp; path = main.cpp; sourceTree = "<group>"; };
		558F71F02888CEFE003BEF55 /* image_to_tensor_calculator.cpp */ = {isa = PBXFileReference; lastKnownFileType = sourcecode.cpp.cpp; path = image_to_tensor_calculator.cpp; sourceTree = "<group>"; };
		558F71F12888CEFE003BEF55 /* image_to_tensor_calculator.hpp */ = {isa = PBXFileReference; lastKnownFileType = sourcecode.cpp.h; path = image_to_tensor_calculator.hpp; sourceTree = "<group>"; };
		558F71F42888DCC6003BEF55 /* ssd_anchors_calculator.proto */ = {isa = PBXFileReference; fileEncoding = 4; lastKnownFileType = sourcecode.protobuf; path = ssd_anchors_calculator.proto; sourceTree = "<group>"; };
		558F71F52888DCC6003BEF55 /* ssd_anchors_calculator.cc */ = {isa = PBXFileReference; fileEncoding = 4; lastKnownFileType = sourcecode.cpp.cpp; path = ssd_anchors_calculator.cc; sourceTree = "<group>"; };
		558F71FA2888DCF3003BEF55 /* tflite_tensors_to_detections_calculator.proto */ = {isa = PBXFileReference; fileEncoding = 4; lastKnownFileType = sourcecode.protobuf; path = tflite_tensors_to_detections_calculator.proto; sourceTree = "<group>"; };
		558F71FB2888DCF3003BEF55 /* tflite_tensors_to_detections_calculator.cc */ = {isa = PBXFileReference; fileEncoding = 4; lastKnownFileType = sourcecode.cpp.cpp; path = tflite_tensors_to_detections_calculator.cc; sourceTree = "<group>"; };
		558F71FE2888DD2E003BEF55 /* transpose_conv_bias.h */ = {isa = PBXFileReference; fileEncoding = 4; lastKnownFileType = sourcecode.c.h; path = transpose_conv_bias.h; sourceTree = "<group>"; };
		558F71FF2888DD2E003BEF55 /* transpose_conv_bias.cc */ = {isa = PBXFileReference; fileEncoding = 4; lastKnownFileType = sourcecode.cpp.cpp; path = transpose_conv_bias.cc; sourceTree = "<group>"; };
		558F72012888EAC0003BEF55 /* image_to_tensor_utils.h */ = {isa = PBXFileReference; fileEncoding = 4; lastKnownFileType = sourcecode.c.h; path = image_to_tensor_utils.h; sourceTree = "<group>"; };
		558F72022888EAC0003BEF55 /* image_to_tensor_converter.h */ = {isa = PBXFileReference; fileEncoding = 4; lastKnownFileType = sourcecode.c.h; path = image_to_tensor_converter.h; sourceTree = "<group>"; };
		558F72032888EAFC003BEF55 /* image_to_tensor_utils.cc */ = {isa = PBXFileReference; fileEncoding = 4; lastKnownFileType = sourcecode.cpp.cpp; path = image_to_tensor_utils.cc; sourceTree = "<group>"; };
		558F72052888ED39003BEF55 /* ret_check.h */ = {isa = PBXFileReference; fileEncoding = 4; lastKnownFileType = sourcecode.c.h; path = ret_check.h; sourceTree = "<group>"; };
		558F72062888ED39003BEF55 /* ret_check.cc */ = {isa = PBXFileReference; fileEncoding = 4; lastKnownFileType = sourcecode.cpp.cpp; path = ret_check.cc; sourceTree = "<group>"; };
		558F72092888ED78003BEF55 /* statusor.h */ = {isa = PBXFileReference; fileEncoding = 4; lastKnownFileType = sourcecode.c.h; path = statusor.h; sourceTree = "<group>"; };
		558F720B2888EDB8003BEF55 /* canonical_errors.h */ = {isa = PBXFileReference; fileEncoding = 4; lastKnownFileType = sourcecode.c.h; path = canonical_errors.h; sourceTree = "<group>"; };
		558F720C2888EDC7003BEF55 /* port.h */ = {isa = PBXFileReference; fileEncoding = 4; lastKnownFileType = sourcecode.c.h; name = port.h; path = ../../../mediapipe/mediapipe/framework/port.h; sourceTree = "<group>"; };
		558F720D2888EE22003BEF55 /* image_frame.h */ = {isa = PBXFileReference; fileEncoding = 4; lastKnownFileType = sourcecode.c.h; path = image_frame.h; sourceTree = "<group>"; };
		558F720E2888EE22003BEF55 /* image.h */ = {isa = PBXFileReference; fileEncoding = 4; lastKnownFileType = sourcecode.c.h; path = image.h; sourceTree = "<group>"; };
		558F720F2888EE23003BEF55 /* image.cc */ = {isa = PBXFileReference; fileEncoding = 4; lastKnownFileType = sourcecode.cpp.cpp; path = image.cc; sourceTree = "<group>"; };
		558F72102888EE23003BEF55 /* image_frame.cc */ = {isa = PBXFileReference; fileEncoding = 4; lastKnownFileType = sourcecode.cpp.cpp; path = image_frame.cc; sourceTree = "<group>"; };
		558F72132888EE4D003BEF55 /* tensor.h */ = {isa = PBXFileReference; fileEncoding = 4; lastKnownFileType = sourcecode.c.h; path = tensor.h; sourceTree = "<group>"; };
		558F72142888EE4D003BEF55 /* tensor.cc */ = {isa = PBXFileReference; fileEncoding = 4; lastKnownFileType = sourcecode.cpp.cpp; path = tensor.cc; sourceTree = "<group>"; };
		558F72162888EEC7003BEF55 /* type_map.h */ = {isa = PBXFileReference; fileEncoding = 4; lastKnownFileType = sourcecode.c.h; path = type_map.h; sourceTree = "<group>"; };
		558F721E28890410003BEF55 /* status_builder.cc */ = {isa = PBXFileReference; fileEncoding = 4; lastKnownFileType = sourcecode.cpp.cpp; path = status_builder.cc; sourceTree = "<group>"; };
		558F72222889069F003BEF55 /* calculator_contract.h */ = {isa = PBXFileReference; fileEncoding = 4; lastKnownFileType = sourcecode.c.h; path = calculator_contract.h; sourceTree = "<group>"; };
		558F72232889069F003BEF55 /* calculator_contract.cc */ = {isa = PBXFileReference; fileEncoding = 4; lastKnownFileType = sourcecode.cpp.cpp; path = calculator_contract.cc; sourceTree = "<group>"; };
		558F7225288906BA003BEF55 /* calculator_framework.h */ = {isa = PBXFileReference; fileEncoding = 4; lastKnownFileType = sourcecode.c.h; path = calculator_framework.h; sourceTree = "<group>"; };
		558F72262889077B003BEF55 /* status_builder.h */ = {isa = PBXFileReference; fileEncoding = 4; lastKnownFileType = sourcecode.c.h; path = status_builder.h; sourceTree = "<group>"; };
		558F7227288907C0003BEF55 /* status.h */ = {isa = PBXFileReference; fileEncoding = 4; lastKnownFileType = sourcecode.c.h; path = status.h; sourceTree = "<group>"; };
		558F7228288907E7003BEF55 /* source_location.h */ = {isa = PBXFileReference; fileEncoding = 4; lastKnownFileType = sourcecode.c.h; path = source_location.h; sourceTree = "<group>"; };
		558F722928890881003BEF55 /* tensor.cc */ = {isa = PBXFileReference; fileEncoding = 4; lastKnownFileType = sourcecode.cpp.cpp; name = tensor.cc; path = ../../../mediapipe/mediapipe/framework/formats/tensor.cc; sourceTree = "<group>"; };
		558F722A28890881003BEF55 /* tensor.h */ = {isa = PBXFileReference; fileEncoding = 4; lastKnownFileType = sourcecode.c.h; name = tensor.h; path = ../../../mediapipe/mediapipe/framework/formats/tensor.h; sourceTree = "<group>"; };
		558F722C28890899003BEF55 /* logging.h */ = {isa = PBXFileReference; fileEncoding = 4; lastKnownFileType = sourcecode.c.h; path = logging.h; sourceTree = "<group>"; };
		558F722E2889093B003BEF55 /* proto_ns.h */ = {isa = PBXFileReference; fileEncoding = 4; lastKnownFileType = sourcecode.c.h; path = proto_ns.h; sourceTree = "<group>"; };
		558F722F28890967003BEF55 /* aligned_malloc_and_free.h */ = {isa = PBXFileReference; fileEncoding = 4; lastKnownFileType = sourcecode.c.h; path = aligned_malloc_and_free.h; sourceTree = "<group>"; };
		558F723028890A1F003BEF55 /* image_format.pb.h */ = {isa = PBXFileReference; lastKnownFileType = sourcecode.c.h; path = image_format.pb.h; sourceTree = "<group>"; };
		558F723128890A65003BEF55 /* integral_types.h */ = {isa = PBXFileReference; fileEncoding = 4; lastKnownFileType = sourcecode.c.h; path = integral_types.h; sourceTree = "<group>"; };
		558F723228890A77003BEF55 /* type_util.h */ = {isa = PBXFileReference; fileEncoding = 4; lastKnownFileType = sourcecode.c.h; path = type_util.h; sourceTree = "<group>"; };
		558F723328890ADC003BEF55 /* demangle.h */ = {isa = PBXFileReference; fileEncoding = 4; lastKnownFileType = sourcecode.c.h; path = demangle.h; sourceTree = "<group>"; };
		558F723C28891B92003BEF55 /* absl */ = {isa = PBXFileReference; lastKnownFileType = folder; path = absl; sourceTree = "<group>"; };
		558F723D28892093003BEF55 /* Image.cpp */ = {isa = PBXFileReference; fileEncoding = 4; lastKnownFileType = sourcecode.cpp.cpp; path = Image.cpp; sourceTree = "<group>"; };
		558F723E28892094003BEF55 /* LensParameter.cpp */ = {isa = PBXFileReference; fileEncoding = 4; lastKnownFileType = sourcecode.cpp.cpp; path = LensParameter.cpp; sourceTree = "<group>"; };
		558F723F28892094003BEF55 /* Image.hpp */ = {isa = PBXFileReference; fileEncoding = 4; lastKnownFileType = sourcecode.cpp.h; path = Image.hpp; sourceTree = "<group>"; };
		558F724028892094003BEF55 /* LensParameter.hpp */ = {isa = PBXFileReference; fileEncoding = 4; lastKnownFileType = sourcecode.cpp.h; path = LensParameter.hpp; sourceTree = "<group>"; };
		558F7243288920F3003BEF55 /* calculator_base.cc */ = {isa = PBXFileReference; lastKnownFileType = sourcecode.cpp.cpp; path = calculator_base.cc; sourceTree = "<group>"; };
		558F7244288920F3003BEF55 /* calculator_base.h */ = {isa = PBXFileReference; lastKnownFileType = sourcecode.c.h; path = calculator_base.h; sourceTree = "<group>"; };
		558F724628892128003BEF55 /* registration.cc */ = {isa = PBXFileReference; fileEncoding = 4; lastKnownFileType = sourcecode.cpp.cpp; path = registration.cc; sourceTree = "<group>"; };
		558F724728892128003BEF55 /* registration.h */ = {isa = PBXFileReference; fileEncoding = 4; lastKnownFileType = sourcecode.c.h; path = registration.h; sourceTree = "<group>"; };
		558F724928892143003BEF55 /* timestamp.h */ = {isa = PBXFileReference; fileEncoding = 4; lastKnownFileType = sourcecode.c.h; path = timestamp.h; sourceTree = "<group>"; };
		558F724A28892143003BEF55 /* timestamp.cc */ = {isa = PBXFileReference; fileEncoding = 4; lastKnownFileType = sourcecode.cpp.cpp; path = timestamp.cc; sourceTree = "<group>"; };
		558F724C2889216C003BEF55 /* core_proto_inc.h */ = {isa = PBXFileReference; fileEncoding = 4; lastKnownFileType = sourcecode.c.h; path = core_proto_inc.h; sourceTree = "<group>"; };
		558F724D28892186003BEF55 /* tag_map.cc */ = {isa = PBXFileReference; fileEncoding = 4; lastKnownFileType = sourcecode.cpp.cpp; path = tag_map.cc; sourceTree = "<group>"; };
		558F724E28892186003BEF55 /* tag_map.h */ = {isa = PBXFileReference; fileEncoding = 4; lastKnownFileType = sourcecode.c.h; path = tag_map.h; sourceTree = "<group>"; };
		558F7250288921A0003BEF55 /* validate_name.cc */ = {isa = PBXFileReference; fileEncoding = 4; lastKnownFileType = sourcecode.cpp.cpp; path = validate_name.cc; sourceTree = "<group>"; };
		558F7251288921A0003BEF55 /* validate_name.h */ = {isa = PBXFileReference; fileEncoding = 4; lastKnownFileType = sourcecode.c.h; path = validate_name.h; sourceTree = "<group>"; };
		558F725328892222003BEF55 /* main.cpp */ = {isa = PBXFileReference; lastKnownFileType = sourcecode.cpp.cpp; path = main.cpp; sourceTree = "<group>"; };
		55B94F9C2824F23500021244 /* pitch_btw_imgs.cpp */ = {isa = PBXFileReference; lastKnownFileType = sourcecode.cpp.cpp; path = pitch_btw_imgs.cpp; sourceTree = "<group>"; };
		55B94F9D2824F23500021244 /* pitch_btw_imgs.hpp */ = {isa = PBXFileReference; lastKnownFileType = sourcecode.cpp.h; path = pitch_btw_imgs.hpp; sourceTree = "<group>"; };
		55B94F9F2824F2BD00021244 /* dataset.cpp */ = {isa = PBXFileReference; lastKnownFileType = sourcecode.cpp.cpp; path = dataset.cpp; sourceTree = "<group>"; };
		55B94FA02824F2BD00021244 /* dataset.hpp */ = {isa = PBXFileReference; lastKnownFileType = sourcecode.cpp.h; path = dataset.hpp; sourceTree = "<group>"; };
		55BA5A44282BA09B003304A9 /* exif.cpp */ = {isa = PBXFileReference; lastKnownFileType = sourcecode.cpp.cpp; path = exif.cpp; sourceTree = "<group>"; };
		55BA5A45282BA09B003304A9 /* exif.hpp */ = {isa = PBXFileReference; lastKnownFileType = sourcecode.cpp.h; path = exif.hpp; sourceTree = "<group>"; };
		55BA5A47282BA0F1003304A9 /* demo_exif.cpp */ = {isa = PBXFileReference; lastKnownFileType = sourcecode.cpp.cpp; path = demo_exif.cpp; sourceTree = "<group>"; };
		55BA5A48282BA0F1003304A9 /* demo_exif.hpp */ = {isa = PBXFileReference; lastKnownFileType = sourcecode.cpp.h; path = demo_exif.hpp; sourceTree = "<group>"; };
		55C7CA01281A182E00A87DBB /* vanishing_point.cpp */ = {isa = PBXFileReference; lastKnownFileType = sourcecode.cpp.cpp; path = vanishing_point.cpp; sourceTree = "<group>"; };
		55C7CA02281A182E00A87DBB /* vanishing_point.hpp */ = {isa = PBXFileReference; lastKnownFileType = sourcecode.cpp.h; path = vanishing_point.hpp; sourceTree = "<group>"; };
		55C7CA06281A26FA00A87DBB /* VPDetection.cpp */ = {isa = PBXFileReference; lastKnownFileType = sourcecode.cpp.cpp; path = VPDetection.cpp; sourceTree = "<group>"; };
		55C7CA07281A26FA00A87DBB /* VPDetection.hpp */ = {isa = PBXFileReference; lastKnownFileType = sourcecode.cpp.h; path = VPDetection.hpp; sourceTree = "<group>"; };
		55C7CA09281A270A00A87DBB /* lsd.cpp */ = {isa = PBXFileReference; lastKnownFileType = sourcecode.cpp.cpp; path = lsd.cpp; sourceTree = "<group>"; };
		55C7CA0A281A270A00A87DBB /* lsd.hpp */ = {isa = PBXFileReference; lastKnownFileType = sourcecode.cpp.h; path = lsd.hpp; sourceTree = "<group>"; };
		55C7CA0C281A272700A87DBB /* line_detect.cpp */ = {isa = PBXFileReference; lastKnownFileType = sourcecode.cpp.cpp; path = line_detect.cpp; sourceTree = "<group>"; };
		55C7CA0D281A272700A87DBB /* line_detect.hpp */ = {isa = PBXFileReference; lastKnownFileType = sourcecode.cpp.h; path = line_detect.hpp; sourceTree = "<group>"; };
		55D8AA8B2830B2410016DB81 /* dense_opt_flow.cpp */ = {isa = PBXFileReference; lastKnownFileType = sourcecode.cpp.cpp; path = dense_opt_flow.cpp; sourceTree = "<group>"; };
		55D8AA8C2830B2410016DB81 /* dense_opt_flow.hpp */ = {isa = PBXFileReference; lastKnownFileType = sourcecode.cpp.h; path = dense_opt_flow.hpp; sourceTree = "<group>"; };
		55D8AA8E2831C2760016DB81 /* sparse_opt_flow.cpp */ = {isa = PBXFileReference; lastKnownFileType = sourcecode.cpp.cpp; path = sparse_opt_flow.cpp; sourceTree = "<group>"; };
		55D8AA8F2831C2760016DB81 /* sparse_opt_flow.hpp */ = {isa = PBXFileReference; lastKnownFileType = sourcecode.cpp.h; path = sparse_opt_flow.hpp; sourceTree = "<group>"; };
/* End PBXFileReference section */

/* Begin PBXFrameworksBuildPhase section */
		554357A92787CD090018709A /* Frameworks */ = {
			isa = PBXFrameworksBuildPhase;
			buildActionMask = 2147483647;
			files = (
			);
			runOnlyForDeploymentPostprocessing = 0;
		};
/* End PBXFrameworksBuildPhase section */

/* Begin PBXGroup section */
		551D319E281620F700AD9568 /* wls */ = {
			isa = PBXGroup;
			children = (
				551D319B2812466F00AD9568 /* example_RoG.cpp */,
				551D319C2812466F00AD9568 /* example_RoG.hpp */,
				551D319F2816246A00AD9568 /* wls_filter.cpp */,
				551D31A02816246A00AD9568 /* wls_filter.hpp */,
			);
			path = wls;
			sourceTree = "<group>";
		};
		551D31A228162AFA00AD9568 /* img */ = {
			isa = PBXGroup;
			children = (
				55C7CA05281A226A00A87DBB /* pitch_positive */,
			);
			path = img;
			sourceTree = "<group>";
		};
		554357A32787CD090018709A = {
			isa = PBXGroup;
			children = (
				554357AE2787CD090018709A /* CppPractive */,
				554357AD2787CD090018709A /* Products */,
			);
			sourceTree = "<group>";
		};
		554357AD2787CD090018709A /* Products */ = {
			isa = PBXGroup;
			children = (
				554357AC2787CD090018709A /* CppPractive */,
			);
			name = Products;
			sourceTree = "<group>";
		};
		554357AE2787CD090018709A /* CppPractive */ = {
			isa = PBXGroup;
			children = (
				558F71EF2888CEE0003BEF55 /* FaceMesh */,
				558F71F32888DC69003BEF55 /* PlayWithTFlite */,
				55BA5A43282BA084003304A9 /* exiftag */,
				55B94F9B2824F22100021244 /* findPitch */,
				551D31A228162AFA00AD9568 /* img */,
				55C7CA04281A19C100A87DBB /* opticalFlow */,
				55C7C9FD281A13B300A87DBB /* vanishPt */,
				551D319E281620F700AD9568 /* wls */,
				554357AF2787CD090018709A /* main.cpp */,
			);
			path = CppPractive;
			sourceTree = "<group>";
		};
		558F71EF2888CEE0003BEF55 /* FaceMesh */ = {
			isa = PBXGroup;
			children = (
				558F723C28891B92003BEF55 /* absl */,
				558F7250288921A0003BEF55 /* validate_name.cc */,
				558F7251288921A0003BEF55 /* validate_name.h */,
				558F724D28892186003BEF55 /* tag_map.cc */,
				558F724E28892186003BEF55 /* tag_map.h */,
				558F724C2889216C003BEF55 /* core_proto_inc.h */,
				558F724A28892143003BEF55 /* timestamp.cc */,
				558F724928892143003BEF55 /* timestamp.h */,
				558F724628892128003BEF55 /* registration.cc */,
				558F724728892128003BEF55 /* registration.h */,
				558F722F28890967003BEF55 /* aligned_malloc_and_free.h */,
				558F7243288920F3003BEF55 /* calculator_base.cc */,
				558F7244288920F3003BEF55 /* calculator_base.h */,
				558F72232889069F003BEF55 /* calculator_contract.cc */,
				558F72222889069F003BEF55 /* calculator_contract.h */,
				558F7225288906BA003BEF55 /* calculator_framework.h */,
				558F720B2888EDB8003BEF55 /* canonical_errors.h */,
				558F723328890ADC003BEF55 /* demangle.h */,
				558F720F2888EE23003BEF55 /* image.cc */,
				558F720E2888EE22003BEF55 /* image.h */,
				558F723028890A1F003BEF55 /* image_format.pb.h */,
				558F72102888EE23003BEF55 /* image_frame.cc */,
				558F720D2888EE22003BEF55 /* image_frame.h */,
				558F71F02888CEFE003BEF55 /* image_to_tensor_calculator.cpp */,
				558F71F12888CEFE003BEF55 /* image_to_tensor_calculator.hpp */,
				558F72022888EAC0003BEF55 /* image_to_tensor_converter.h */,
				558F72032888EAFC003BEF55 /* image_to_tensor_utils.cc */,
				558F72012888EAC0003BEF55 /* image_to_tensor_utils.h */,
				558F723128890A65003BEF55 /* integral_types.h */,
				558F722C28890899003BEF55 /* logging.h */,
				558F720C2888EDC7003BEF55 /* port.h */,
				558F722E2889093B003BEF55 /* proto_ns.h */,
				558F72062888ED39003BEF55 /* ret_check.cc */,
				558F72052888ED39003BEF55 /* ret_check.h */,
				558F7228288907E7003BEF55 /* source_location.h */,
				558F7227288907C0003BEF55 /* status.h */,
				558F721E28890410003BEF55 /* status_builder.cc */,
				558F72262889077B003BEF55 /* status_builder.h */,
				558F72092888ED78003BEF55 /* statusor.h */,
				558F722928890881003BEF55 /* tensor.cc */,
				558F72142888EE4D003BEF55 /* tensor.cc */,
				558F72132888EE4D003BEF55 /* tensor.h */,
				558F722A28890881003BEF55 /* tensor.h */,
				558F72162888EEC7003BEF55 /* type_map.h */,
				558F723228890A77003BEF55 /* type_util.h */,
				558F725328892222003BEF55 /* main.cpp */,
			);
			path = FaceMesh;
			sourceTree = "<group>";
		};
		558F71F32888DC69003BEF55 /* PlayWithTFlite */ = {
			isa = PBXGroup;
			children = (
				558F71F52888DCC6003BEF55 /* ssd_anchors_calculator.cc */,
				558F71F42888DCC6003BEF55 /* ssd_anchors_calculator.proto */,
				558F71FB2888DCF3003BEF55 /* tflite_tensors_to_detections_calculator.cc */,
				558F71FA2888DCF3003BEF55 /* tflite_tensors_to_detections_calculator.proto */,
				558F71FF2888DD2E003BEF55 /* transpose_conv_bias.cc */,
				558F71FE2888DD2E003BEF55 /* transpose_conv_bias.h */,
			);
			path = PlayWithTFlite;
			sourceTree = "<group>";
		};
		55B94F9B2824F22100021244 /* findPitch */ = {
			isa = PBXGroup;
			children = (
				55B94F9F2824F2BD00021244 /* dataset.cpp */,
				55B94FA02824F2BD00021244 /* dataset.hpp */,
				55B94F9C2824F23500021244 /* pitch_btw_imgs.cpp */,
				55B94F9D2824F23500021244 /* pitch_btw_imgs.hpp */,
			);
			path = findPitch;
			sourceTree = "<group>";
		};
		55BA5A43282BA084003304A9 /* exiftag */ = {
			isa = PBXGroup;
			children = (
				55BA5A47282BA0F1003304A9 /* demo_exif.cpp */,
				55BA5A48282BA0F1003304A9 /* demo_exif.hpp */,
				55BA5A44282BA09B003304A9 /* exif.cpp */,
				55BA5A45282BA09B003304A9 /* exif.hpp */,
			);
			path = exiftag;
			sourceTree = "<group>";
		};
		55C7C9FD281A13B300A87DBB /* vanishPt */ = {
			isa = PBXGroup;
			children = (
				55C7CA06281A26FA00A87DBB /* VPDetection.cpp */,
				55C7CA07281A26FA00A87DBB /* VPDetection.hpp */,
				55C7CA0C281A272700A87DBB /* line_detect.cpp */,
				55C7CA0D281A272700A87DBB /* line_detect.hpp */,
				55C7CA09281A270A00A87DBB /* lsd.cpp */,
				55C7CA0A281A270A00A87DBB /* lsd.hpp */,
				55C7CA01281A182E00A87DBB /* vanishing_point.cpp */,
				55C7CA02281A182E00A87DBB /* vanishing_point.hpp */,
			);
			path = vanishPt;
			sourceTree = "<group>";
		};
		55C7CA04281A19C100A87DBB /* opticalFlow */ = {
			isa = PBXGroup;
			children = (
				558F723D28892093003BEF55 /* Image.cpp */,
				558F723F28892094003BEF55 /* Image.hpp */,
				558F723E28892094003BEF55 /* LensParameter.cpp */,
				558F724028892094003BEF55 /* LensParameter.hpp */,
				55D8AA8B2830B2410016DB81 /* dense_opt_flow.cpp */,
				55D8AA8C2830B2410016DB81 /* dense_opt_flow.hpp */,
				55D8AA8E2831C2760016DB81 /* sparse_opt_flow.cpp */,
				55D8AA8F2831C2760016DB81 /* sparse_opt_flow.hpp */,
			);
			path = opticalFlow;
			sourceTree = "<group>";
		};
		55C7CA05281A226A00A87DBB /* pitch_positive */ = {
			isa = PBXGroup;
			children = (
			);
			path = pitch_positive;
			sourceTree = "<group>";
		};
/* End PBXGroup section */

/* Begin PBXNativeTarget section */
		554357AB2787CD090018709A /* CppPractive */ = {
			isa = PBXNativeTarget;
			buildConfigurationList = 554357B32787CD090018709A /* Build configuration list for PBXNativeTarget "CppPractive" */;
			buildPhases = (
				554357A82787CD090018709A /* Sources */,
				554357A92787CD090018709A /* Frameworks */,
				554357AA2787CD090018709A /* CopyFiles */,
			);
			buildRules = (
			);
			dependencies = (
			);
			name = CppPractive;
			productName = CppPractive;
			productReference = 554357AC2787CD090018709A /* CppPractive */;
			productType = "com.apple.product-type.tool";
		};
/* End PBXNativeTarget section */

/* Begin PBXProject section */
		554357A42787CD090018709A /* Project object */ = {
			isa = PBXProject;
			attributes = {
				BuildIndependentTargetsInParallel = 1;
				LastUpgradeCheck = 1330;
				TargetAttributes = {
					554357AB2787CD090018709A = {
						CreatedOnToolsVersion = 13.2.1;
					};
				};
			};
			buildConfigurationList = 554357A72787CD090018709A /* Build configuration list for PBXProject "CppPractive" */;
			compatibilityVersion = "Xcode 13.0";
			developmentRegion = en;
			hasScannedForEncodings = 0;
			knownRegions = (
				en,
				Base,
			);
			mainGroup = 554357A32787CD090018709A;
			productRefGroup = 554357AD2787CD090018709A /* Products */;
			projectDirPath = "";
			projectRoot = "";
			targets = (
				554357AB2787CD090018709A /* CppPractive */,
			);
		};
/* End PBXProject section */

/* Begin PBXSourcesBuildPhase section */
		554357A82787CD090018709A /* Sources */ = {
			isa = PBXSourcesBuildPhase;
			buildActionMask = 2147483647;
			files = (
				558F72042888EAFC003BEF55 /* image_to_tensor_utils.cc in Sources */,
				558F724F28892186003BEF55 /* tag_map.cc in Sources */,
				558F72242889069F003BEF55 /* calculator_contract.cc in Sources */,
				558F722B28890881003BEF55 /* tensor.cc in Sources */,
				55D8AA8D2830B2410016DB81 /* dense_opt_flow.cpp in Sources */,
				558F71F22888CEFE003BEF55 /* image_to_tensor_calculator.cpp in Sources */,
				55C7CA0E281A272700A87DBB /* line_detect.cpp in Sources */,
				558F72072888ED39003BEF55 /* ret_check.cc in Sources */,
				554357B02787CD090018709A /* main.cpp in Sources */,
				558F72002888DD2E003BEF55 /* transpose_conv_bias.cc in Sources */,
				558F724128892094003BEF55 /* Image.cpp in Sources */,
				558F7245288920F3003BEF55 /* calculator_base.cc in Sources */,
				558F72122888EE23003BEF55 /* image_frame.cc in Sources */,
				55D8AA902831C2760016DB81 /* sparse_opt_flow.cpp in Sources */,
				55B94FA12824F2BD00021244 /* dataset.cpp in Sources */,
				558F71FC2888DCF3003BEF55 /* tflite_tensors_to_detections_calculator.proto in Sources */,
				55C7CA03281A182E00A87DBB /* vanishing_point.cpp in Sources */,
				558F71F72888DCC6003BEF55 /* ssd_anchors_calculator.proto in Sources */,
				558F725428892222003BEF55 /* main.cpp in Sources */,
				558F71FD2888DCF3003BEF55 /* tflite_tensors_to_detections_calculator.cc in Sources */,
				558F724828892128003BEF55 /* registration.cc in Sources */,
				551D31A12816246A00AD9568 /* wls_filter.cpp in Sources */,
				55BA5A49282BA0F1003304A9 /* demo_exif.cpp in Sources */,
				558F72152888EE4E003BEF55 /* tensor.cc in Sources */,
				551D319D2812466F00AD9568 /* example_RoG.cpp in Sources */,
				558F724228892094003BEF55 /* LensParameter.cpp in Sources */,
				55BA5A46282BA09B003304A9 /* exif.cpp in Sources */,
				55C7CA08281A26FA00A87DBB /* VPDetection.cpp in Sources */,
				558F71F82888DCC6003BEF55 /* ssd_anchors_calculator.cc in Sources */,
				558F7252288921A1003BEF55 /* validate_name.cc in Sources */,
				55B94F9E2824F23500021244 /* pitch_btw_imgs.cpp in Sources */,
				558F724B28892144003BEF55 /* timestamp.cc in Sources */,
				558F72112888EE23003BEF55 /* image.cc in Sources */,
				55C7CA0B281A270A00A87DBB /* lsd.cpp in Sources */,
				558F722028890411003BEF55 /* status_builder.cc in Sources */,
			);
			runOnlyForDeploymentPostprocessing = 0;
		};
/* End PBXSourcesBuildPhase section */

/* Begin XCBuildConfiguration section */
		554357B12787CD090018709A /* Debug */ = {
			isa = XCBuildConfiguration;
			buildSettings = {
				ALWAYS_SEARCH_USER_PATHS = NO;
				CLANG_ANALYZER_NONNULL = YES;
				CLANG_ANALYZER_NUMBER_OBJECT_CONVERSION = YES_AGGRESSIVE;
				CLANG_CXX_LANGUAGE_STANDARD = "c++17";
				CLANG_CXX_LIBRARY = "libc++";
				CLANG_ENABLE_MODULES = YES;
				CLANG_ENABLE_OBJC_ARC = YES;
				CLANG_ENABLE_OBJC_WEAK = YES;
				CLANG_WARN_BLOCK_CAPTURE_AUTORELEASING = YES;
				CLANG_WARN_BOOL_CONVERSION = YES;
				CLANG_WARN_COMMA = YES;
				CLANG_WARN_CONSTANT_CONVERSION = YES;
				CLANG_WARN_DEPRECATED_OBJC_IMPLEMENTATIONS = YES;
				CLANG_WARN_DIRECT_OBJC_ISA_USAGE = YES_ERROR;
				CLANG_WARN_DOCUMENTATION_COMMENTS = YES;
				CLANG_WARN_EMPTY_BODY = YES;
				CLANG_WARN_ENUM_CONVERSION = YES;
				CLANG_WARN_INFINITE_RECURSION = YES;
				CLANG_WARN_INT_CONVERSION = YES;
				CLANG_WARN_NON_LITERAL_NULL_CONVERSION = YES;
				CLANG_WARN_OBJC_IMPLICIT_RETAIN_SELF = YES;
				CLANG_WARN_OBJC_LITERAL_CONVERSION = YES;
				CLANG_WARN_OBJC_ROOT_CLASS = YES_ERROR;
				CLANG_WARN_QUOTED_INCLUDE_IN_FRAMEWORK_HEADER = YES;
				CLANG_WARN_RANGE_LOOP_ANALYSIS = YES;
				CLANG_WARN_STRICT_PROTOTYPES = YES;
				CLANG_WARN_SUSPICIOUS_MOVE = YES;
				CLANG_WARN_UNGUARDED_AVAILABILITY = YES_AGGRESSIVE;
				CLANG_WARN_UNREACHABLE_CODE = YES;
				CLANG_WARN__DUPLICATE_METHOD_MATCH = YES;
				COPY_PHASE_STRIP = NO;
				DEBUG_INFORMATION_FORMAT = dwarf;
				ENABLE_STRICT_OBJC_MSGSEND = YES;
				ENABLE_TESTABILITY = YES;
				GCC_C_LANGUAGE_STANDARD = gnu11;
				GCC_DYNAMIC_NO_PIC = NO;
				GCC_NO_COMMON_BLOCKS = YES;
				GCC_OPTIMIZATION_LEVEL = 0;
				GCC_PREPROCESSOR_DEFINITIONS = (
					"DEBUG=1",
					"$(inherited)",
				);
				GCC_WARN_64_TO_32_BIT_CONVERSION = YES;
				GCC_WARN_ABOUT_RETURN_TYPE = YES_ERROR;
				GCC_WARN_UNDECLARED_SELECTOR = YES;
				GCC_WARN_UNINITIALIZED_AUTOS = YES_AGGRESSIVE;
				GCC_WARN_UNUSED_FUNCTION = YES;
				GCC_WARN_UNUSED_VARIABLE = YES;
				HEADER_SEARCH_PATHS = (
					/usr/loca/include/opencv4,
					/usr/local/include/,
				);
				LIBRARY_SEARCH_PATHS = "";
				MACOSX_DEPLOYMENT_TARGET = 12.1;
				MTL_ENABLE_DEBUG_INFO = INCLUDE_SOURCE;
				MTL_FAST_MATH = YES;
				ONLY_ACTIVE_ARCH = YES;
				SDKROOT = macosx;
				USE_HEADERMAP = YES;
			};
			name = Debug;
		};
		554357B22787CD090018709A /* Release */ = {
			isa = XCBuildConfiguration;
			buildSettings = {
				ALWAYS_SEARCH_USER_PATHS = NO;
				CLANG_ANALYZER_NONNULL = YES;
				CLANG_ANALYZER_NUMBER_OBJECT_CONVERSION = YES_AGGRESSIVE;
				CLANG_CXX_LANGUAGE_STANDARD = "c++17";
				CLANG_CXX_LIBRARY = "libc++";
				CLANG_ENABLE_MODULES = YES;
				CLANG_ENABLE_OBJC_ARC = YES;
				CLANG_ENABLE_OBJC_WEAK = YES;
				CLANG_WARN_BLOCK_CAPTURE_AUTORELEASING = YES;
				CLANG_WARN_BOOL_CONVERSION = YES;
				CLANG_WARN_COMMA = YES;
				CLANG_WARN_CONSTANT_CONVERSION = YES;
				CLANG_WARN_DEPRECATED_OBJC_IMPLEMENTATIONS = YES;
				CLANG_WARN_DIRECT_OBJC_ISA_USAGE = YES_ERROR;
				CLANG_WARN_DOCUMENTATION_COMMENTS = YES;
				CLANG_WARN_EMPTY_BODY = YES;
				CLANG_WARN_ENUM_CONVERSION = YES;
				CLANG_WARN_INFINITE_RECURSION = YES;
				CLANG_WARN_INT_CONVERSION = YES;
				CLANG_WARN_NON_LITERAL_NULL_CONVERSION = YES;
				CLANG_WARN_OBJC_IMPLICIT_RETAIN_SELF = YES;
				CLANG_WARN_OBJC_LITERAL_CONVERSION = YES;
				CLANG_WARN_OBJC_ROOT_CLASS = YES_ERROR;
				CLANG_WARN_QUOTED_INCLUDE_IN_FRAMEWORK_HEADER = YES;
				CLANG_WARN_RANGE_LOOP_ANALYSIS = YES;
				CLANG_WARN_STRICT_PROTOTYPES = YES;
				CLANG_WARN_SUSPICIOUS_MOVE = YES;
				CLANG_WARN_UNGUARDED_AVAILABILITY = YES_AGGRESSIVE;
				CLANG_WARN_UNREACHABLE_CODE = YES;
				CLANG_WARN__DUPLICATE_METHOD_MATCH = YES;
				COPY_PHASE_STRIP = NO;
				DEBUG_INFORMATION_FORMAT = "dwarf-with-dsym";
				ENABLE_NS_ASSERTIONS = YES;
				ENABLE_STRICT_OBJC_MSGSEND = YES;
				GCC_C_LANGUAGE_STANDARD = gnu11;
				GCC_NO_COMMON_BLOCKS = YES;
				GCC_WARN_64_TO_32_BIT_CONVERSION = YES;
				GCC_WARN_ABOUT_RETURN_TYPE = YES_ERROR;
				GCC_WARN_UNDECLARED_SELECTOR = YES;
				GCC_WARN_UNINITIALIZED_AUTOS = YES_AGGRESSIVE;
				GCC_WARN_UNUSED_FUNCTION = YES;
				GCC_WARN_UNUSED_VARIABLE = YES;
				HEADER_SEARCH_PATHS = (
					/usr/loca/include/opencv4,
					/usr/local/include/,
				);
				LIBRARY_SEARCH_PATHS = "";
				MACOSX_DEPLOYMENT_TARGET = 12.1;
				MTL_ENABLE_DEBUG_INFO = NO;
				MTL_FAST_MATH = YES;
				SDKROOT = macosx;
				USE_HEADERMAP = YES;
			};
			name = Release;
		};
		554357B42787CD090018709A /* Debug */ = {
			isa = XCBuildConfiguration;
			buildSettings = {
				CODE_SIGN_IDENTITY = "-";
				CODE_SIGN_STYLE = Automatic;
				HEADER_SEARCH_PATHS = (
					/usr/local/include/opencv4,
					/usr/local/include,
				);
				"LD_MAP_FILE_PATH[arch=*]" = "$(TARGET_TEMP_DIR)/$(PRODUCT_NAME)-LinkMap-$(CURRENT_VARIANT)-$(CURRENT_ARCH).txt";
				LIBRARY_SEARCH_PATHS = /usr/local/lib;
				OTHER_LDFLAGS = (
					"-lopencv_calib3d",
					"-lopencv_core",
					"-lopencv_features2d",
					"-lopencv_flann",
					"-lopencv_highgui",
					"-lopencv_imgcodecs",
					"-lopencv_ml",
					"-lopencv_objdetect",
					"-lopencv_imgproc",
					"-lopencv_shape",
					"-lopencv_photo",
					"-lopencv_videoio",
					"-lopencv_video",
					"-lopencv_optflow",
					"-lopencv_xphoto",
				);
				PRODUCT_NAME = "$(TARGET_NAME)";
			};
			name = Debug;
		};
		554357B52787CD090018709A /* Release */ = {
			isa = XCBuildConfiguration;
			buildSettings = {
				CODE_SIGN_IDENTITY = "-";
				CODE_SIGN_STYLE = Automatic;
				HEADER_SEARCH_PATHS = (
					/usr/local/include/opencv4,
					/usr/local/include,
				);
				LIBRARY_SEARCH_PATHS = /usr/local/lib;
				OTHER_LDFLAGS = (
					"-lopencv_calib3d",
					"-lopencv_core",
					"-lopencv_features2d",
					"-lopencv_flann",
					"-lopencv_highgui",
					"-lopencv_imgcodecs",
					"-lopencv_ml",
					"-lopencv_objdetect",
					"-lopencv_imgproc",
					"-lopencv_shape",
					"-lopencv_photo",
					"-lopencv_videoio",
					"-lopencv_video",
					"-lopencv_optflow",
					"-lopencv_xphoto",
				);
				PRODUCT_NAME = "$(TARGET_NAME)";
			};
			name = Release;
		};
/* End XCBuildConfiguration section */

/* Begin XCConfigurationList section */
		554357A72787CD090018709A /* Build configuration list for PBXProject "CppPractive" */ = {
			isa = XCConfigurationList;
			buildConfigurations = (
				554357B12787CD090018709A /* Debug */,
				554357B22787CD090018709A /* Release */,
			);
			defaultConfigurationIsVisible = 0;
			defaultConfigurationName = Release;
		};
		554357B32787CD090018709A /* Build configuration list for PBXNativeTarget "CppPractive" */ = {
			isa = XCConfigurationList;
			buildConfigurations = (
				554357B42787CD090018709A /* Debug */,
				554357B52787CD090018709A /* Release */,
			);
			defaultConfigurationIsVisible = 0;
			defaultConfigurationName = Release;
		};
/* End XCConfigurationList section */
	};
	rootObject = 554357A42787CD090018709A /* Project object */;
}
